
Microsoft Visual Studio Solution File, Format Version 11.00
# Visual Studio 2010
Project("{FAE04EC0-301F-11D3-BF4B-00C04F79EFBC}") = "Sticky Tongue", "Assembly-CSharp.csproj", "{DC8B4003-4EFD-7571-FDB4-05B2C6196867}"
EndProject
Global
	GlobalSection(SolutionConfigurationPlatforms) = preSolution
		Debug|Any CPU = Debug|Any CPU
		Release|Any CPU = Release|Any CPU
	EndGlobalSection
	GlobalSection(ProjectConfigurationPlatforms) = postSolution
		{DC8B4003-4EFD-7571-FDB4-05B2C6196867}.Debug|Any CPU.ActiveCfg = Debug|Any CPU
		{DC8B4003-4EFD-7571-FDB4-05B2C6196867}.Debug|Any CPU.Build.0 = Debug|Any CPU
		{DC8B4003-4EFD-7571-FDB4-05B2C6196867}.Release|Any CPU.ActiveCfg = Release|Any CPU
		{DC8B4003-4EFD-7571-FDB4-05B2C6196867}.Release|Any CPU.Build.0 = Release|Any CPU
	EndGlobalSection
	GlobalSection(SolutionProperties) = preSolution
		HideSolutionNode = FALSE
	EndGlobalSection
	GlobalSection(MonoDevelopProperties) = preSolution
		StartupItem = Assembly-CSharp.csproj
	EndGlobalSection
EndGlobal
